
Microsoft Visual Studio Solution File, Format Version 12.00
# Visual Studio Version 16
VisualStudioVersion = 16.0.31729.503
MinimumVisualStudioVersion = 10.0.40219.1
Project("{FAE04EC0-301F-11D3-BF4B-00C04F79EFBC}") = "MCD_SystemIODirectoryIslemleri", "MCD_SystemIODirectoryIslemleri\MCD_SystemIODirectoryIslemleri.csproj", "{78CCCD4D-81D2-4815-AE6F-B793F17FF1B0}"
EndProject
Global
	GlobalSection(SolutionConfigurationPlatforms) = preSolution
		Debug|Any CPU = Debug|Any CPU
		Release|Any CPU = Release|Any CPU
	EndGlobalSection
	GlobalSection(ProjectConfigurationPlatforms) = postSolution
		{78CCCD4D-81D2-4815-AE6F-B793F17FF1B0}.Debug|Any CPU.ActiveCfg = Debug|Any CPU
		{78CCCD4D-81D2-4815-AE6F-B793F17FF1B0}.Debug|Any CPU.Build.0 = Debug|Any CPU
		{78CCCD4D-81D2-4815-AE6F-B793F17FF1B0}.Release|Any CPU.ActiveCfg = Release|Any CPU
		{78CCCD4D-81D2-4815-AE6F-B793F17FF1B0}.Release|Any CPU.Build.0 = Release|Any CPU
	EndGlobalSection
	GlobalSection(SolutionProperties) = preSolution
		HideSolutionNode = FALSE
	EndGlobalSection
	GlobalSection(ExtensibilityGlobals) = postSolution
		SolutionGuid = {8B472E5A-4CA1-4681-941D-DAE0B3BC60D1}
	EndGlobalSection
EndGlobal
